// !$*UTF8*$!
{
	archiveVersion = 1;
	classes = {
	};
	objectVersion = 46;
	objects = {

/* Begin PBXBuildFile section */
		69527B421900FCBD0088CACE /* Foundation.framework in Frameworks */ = {isa = PBXBuildFile; fileRef = 69527B411900FCBD0088CACE /* Foundation.framework */; };
		69527B441900FCBD0088CACE /* CoreGraphics.framework in Frameworks */ = {isa = PBXBuildFile; fileRef = 69527B431900FCBD0088CACE /* CoreGraphics.framework */; };
		69527B461900FCBD0088CACE /* UIKit.framework in Frameworks */ = {isa = PBXBuildFile; fileRef = 69527B451900FCBD0088CACE /* UIKit.framework */; };
		69527B4C1900FCBD0088CACE /* InfoPlist.strings in Resources */ = {isa = PBXBuildFile; fileRef = 69527B4A1900FCBD0088CACE /* InfoPlist.strings */; };
		69527B4E1900FCBD0088CACE /* main.m in Sources */ = {isa = PBXBuildFile; fileRef = 69527B4D1900FCBD0088CACE /* main.m */; };
		69527B521900FCBD0088CACE /* MMAppDelegate.m in Sources */ = {isa = PBXBuildFile; fileRef = 69527B511900FCBD0088CACE /* MMAppDelegate.m */; };
		69527B541900FCBD0088CACE /* Images.xcassets in Resources */ = {isa = PBXBuildFile; fileRef = 69527B531900FCBD0088CACE /* Images.xcassets */; };
		69527B5B1900FCBD0088CACE /* XCTest.framework in Frameworks */ = {isa = PBXBuildFile; fileRef = 69527B5A1900FCBD0088CACE /* XCTest.framework */; };
		69527B5C1900FCBD0088CACE /* Foundation.framework in Frameworks */ = {isa = PBXBuildFile; fileRef = 69527B411900FCBD0088CACE /* Foundation.framework */; };
		69527B5D1900FCBD0088CACE /* UIKit.framework in Frameworks */ = {isa = PBXBuildFile; fileRef = 69527B451900FCBD0088CACE /* UIKit.framework */; };
		69527B651900FCBD0088CACE /* InfoPlist.strings in Resources */ = {isa = PBXBuildFile; fileRef = 69527B631900FCBD0088CACE /* InfoPlist.strings */; };
		69527B671900FCBD0088CACE /* iBeaconDemoTests.m in Sources */ = {isa = PBXBuildFile; fileRef = 69527B661900FCBD0088CACE /* iBeaconDemoTests.m */; };
		69527B73190104260088CACE /* MMViewController.m in Sources */ = {isa = PBXBuildFile; fileRef = 69527B71190104260088CACE /* MMViewController.m */; };
		69527B74190104260088CACE /* MMViewController.xib in Resources */ = {isa = PBXBuildFile; fileRef = 69527B72190104260088CACE /* MMViewController.xib */; };
		69527B7A1901082D0088CACE /* MMBeaconManager.m in Sources */ = {isa = PBXBuildFile; fileRef = 69527B771901082D0088CACE /* MMBeaconManager.m */; };
		69527B7B1901082D0088CACE /* MMBeaconRegion.m in Sources */ = {isa = PBXBuildFile; fileRef = 69527B791901082D0088CACE /* MMBeaconRegion.m */; };
		69527B7D19010CD70088CACE /* AVFoundation.framework in Frameworks */ = {isa = PBXBuildFile; fileRef = 69527B7C19010CD70088CACE /* AVFoundation.framework */; };
		69D75DF219048B0E00D1AF53 /* Utility.m in Sources */ = {isa = PBXBuildFile; fileRef = 69D75DF119048B0E00D1AF53 /* Utility.m */; };
		69D75DF41904AA3200D1AF53 /* bgcircle.png in Resources */ = {isa = PBXBuildFile; fileRef = 69D75DF31904AA3200D1AF53 /* bgcircle.png */; };
		9A84DA1C843E4D30943B409F /* libPods-iBeaconDemo.a in Frameworks */ = {isa = PBXBuildFile; fileRef = 7A6078577B2049358F51E5AD /* libPods-iBeaconDemo.a */; };
/* End PBXBuildFile section */

/* Begin PBXContainerItemProxy section */
		69527B5E1900FCBD0088CACE /* PBXContainerItemProxy */ = {
			isa = PBXContainerItemProxy;
			containerPortal = 69527B361900FCBD0088CACE /* Project object */;
			proxyType = 1;
			remoteGlobalIDString = 69527B3D1900FCBD0088CACE;
			remoteInfo = iBeaconDemo;
		};
/* End PBXContainerItemProxy section */

/* Begin PBXFileReference section */
		318F64A0E77C4D9CB6A44062 /* Pods-iBeaconDemo.xcconfig */ = {isa = PBXFileReference; includeInIndex = 1; lastKnownFileType = text.xcconfig; name = "Pods-iBeaconDemo.xcconfig"; path = "Pods/Pods-iBeaconDemo.xcconfig"; sourceTree = "<group>"; };
		692E4748193D3FFD0004325D /* iBeaconDemo-Bridging-Header.h */ = {isa = PBXFileReference; lastKnownFileType = sourcecode.c.h; path = "iBeaconDemo-Bridging-Header.h"; sourceTree = "<group>"; };
		69527B3E1900FCBD0088CACE /* iBeaconDemo.app */ = {isa = PBXFileReference; explicitFileType = wrapper.application; includeInIndex = 0; path = iBeaconDemo.app; sourceTree = BUILT_PRODUCTS_DIR; };
		69527B411900FCBD0088CACE /* Foundation.framework */ = {isa = PBXFileReference; lastKnownFileType = wrapper.framework; name = Foundation.framework; path = System/Library/Frameworks/Foundation.framework; sourceTree = SDKROOT; };
		69527B431900FCBD0088CACE /* CoreGraphics.framework */ = {isa = PBXFileReference; lastKnownFileType = wrapper.framework; name = CoreGraphics.framework; path = System/Library/Frameworks/CoreGraphics.framework; sourceTree = SDKROOT; };
		69527B451900FCBD0088CACE /* UIKit.framework */ = {isa = PBXFileReference; lastKnownFileType = wrapper.framework; name = UIKit.framework; path = System/Library/Frameworks/UIKit.framework; sourceTree = SDKROOT; };
		69527B491900FCBD0088CACE /* iBeaconDemo-Info.plist */ = {isa = PBXFileReference; lastKnownFileType = text.plist.xml; path = "iBeaconDemo-Info.plist"; sourceTree = "<group>"; };
		69527B4B1900FCBD0088CACE /* en */ = {isa = PBXFileReference; lastKnownFileType = text.plist.strings; name = en; path = en.lproj/InfoPlist.strings; sourceTree = "<group>"; };
		69527B4D1900FCBD0088CACE /* main.m */ = {isa = PBXFileReference; lastKnownFileType = sourcecode.c.objc; path = main.m; sourceTree = "<group>"; };
		69527B4F1900FCBD0088CACE /* iBeaconDemo-Prefix.pch */ = {isa = PBXFileReference; lastKnownFileType = sourcecode.c.h; path = "iBeaconDemo-Prefix.pch"; sourceTree = "<group>"; };
		69527B501900FCBD0088CACE /* MMAppDelegate.h */ = {isa = PBXFileReference; lastKnownFileType = sourcecode.c.h; path = MMAppDelegate.h; sourceTree = "<group>"; };
		69527B511900FCBD0088CACE /* MMAppDelegate.m */ = {isa = PBXFileReference; lastKnownFileType = sourcecode.c.objc; path = MMAppDelegate.m; sourceTree = "<group>"; };
		69527B531900FCBD0088CACE /* Images.xcassets */ = {isa = PBXFileReference; lastKnownFileType = folder.assetcatalog; path = Images.xcassets; sourceTree = "<group>"; };
		69527B591900FCBD0088CACE /* iBeaconDemoTests.xctest */ = {isa = PBXFileReference; explicitFileType = wrapper.cfbundle; includeInIndex = 0; path = iBeaconDemoTests.xctest; sourceTree = BUILT_PRODUCTS_DIR; };
		69527B5A1900FCBD0088CACE /* XCTest.framework */ = {isa = PBXFileReference; lastKnownFileType = wrapper.framework; name = XCTest.framework; path = Library/Frameworks/XCTest.framework; sourceTree = DEVELOPER_DIR; };
		69527B621900FCBD0088CACE /* iBeaconDemoTests-Info.plist */ = {isa = PBXFileReference; lastKnownFileType = text.plist.xml; path = "iBeaconDemoTests-Info.plist"; sourceTree = "<group>"; };
		69527B641900FCBD0088CACE /* en */ = {isa = PBXFileReference; lastKnownFileType = text.plist.strings; name = en; path = en.lproj/InfoPlist.strings; sourceTree = "<group>"; };
		69527B661900FCBD0088CACE /* iBeaconDemoTests.m */ = {isa = PBXFileReference; lastKnownFileType = sourcecode.c.objc; path = iBeaconDemoTests.m; sourceTree = "<group>"; };
		69527B70190104260088CACE /* MMViewController.h */ = {isa = PBXFileReference; fileEncoding = 4; lastKnownFileType = sourcecode.c.h; path = MMViewController.h; sourceTree = "<group>"; };
		69527B71190104260088CACE /* MMViewController.m */ = {isa = PBXFileReference; fileEncoding = 4; lastKnownFileType = sourcecode.c.objc; path = MMViewController.m; sourceTree = "<group>"; };
		69527B72190104260088CACE /* MMViewController.xib */ = {isa = PBXFileReference; fileEncoding = 4; lastKnownFileType = file.xib; path = MMViewController.xib; sourceTree = "<group>"; };
		69527B761901082D0088CACE /* MMBeaconManager.h */ = {isa = PBXFileReference; fileEncoding = 4; lastKnownFileType = sourcecode.c.h; path = MMBeaconManager.h; sourceTree = "<group>"; };
		69527B771901082D0088CACE /* MMBeaconManager.m */ = {isa = PBXFileReference; fileEncoding = 4; lastKnownFileType = sourcecode.c.objc; path = MMBeaconManager.m; sourceTree = "<group>"; };
		69527B781901082D0088CACE /* MMBeaconRegion.h */ = {isa = PBXFileReference; fileEncoding = 4; lastKnownFileType = sourcecode.c.h; path = MMBeaconRegion.h; sourceTree = "<group>"; };
		69527B791901082D0088CACE /* MMBeaconRegion.m */ = {isa = PBXFileReference; fileEncoding = 4; lastKnownFileType = sourcecode.c.objc; path = MMBeaconRegion.m; sourceTree = "<group>"; };
		69527B7C19010CD70088CACE /* AVFoundation.framework */ = {isa = PBXFileReference; lastKnownFileType = wrapper.framework; name = AVFoundation.framework; path = System/Library/Frameworks/AVFoundation.framework; sourceTree = SDKROOT; };
		69D75DF019048B0E00D1AF53 /* Utility.h */ = {isa = PBXFileReference; fileEncoding = 4; lastKnownFileType = sourcecode.c.h; path = Utility.h; sourceTree = "<group>"; };
		69D75DF119048B0E00D1AF53 /* Utility.m */ = {isa = PBXFileReference; fileEncoding = 4; lastKnownFileType = sourcecode.c.objc; path = Utility.m; sourceTree = "<group>"; };
		69D75DF31904AA3200D1AF53 /* bgcircle.png */ = {isa = PBXFileReference; lastKnownFileType = image.png; path = bgcircle.png; sourceTree = "<group>"; };
		7A6078577B2049358F51E5AD /* libPods-iBeaconDemo.a */ = {isa = PBXFileReference; explicitFileType = archive.ar; includeInIndex = 0; path = "libPods-iBeaconDemo.a"; sourceTree = BUILT_PRODUCTS_DIR; };
/* End PBXFileReference section */

/* Begin PBXFrameworksBuildPhase section */
		69527B3B1900FCBD0088CACE /* Frameworks */ = {
			isa = PBXFrameworksBuildPhase;
			buildActionMask = 2147483647;
			files = (
				69527B7D19010CD70088CACE /* AVFoundation.framework in Frameworks */,
				69527B441900FCBD0088CACE /* CoreGraphics.framework in Frameworks */,
				69527B461900FCBD0088CACE /* UIKit.framework in Frameworks */,
				69527B421900FCBD0088CACE /* Foundation.framework in Frameworks */,
				9A84DA1C843E4D30943B409F /* libPods-iBeaconDemo.a in Frameworks */,
			);
			runOnlyForDeploymentPostprocessing = 0;
		};
		69527B561900FCBD0088CACE /* Frameworks */ = {
			isa = PBXFrameworksBuildPhase;
			buildActionMask = 2147483647;
			files = (
				69527B5B1900FCBD0088CACE /* XCTest.framework in Frameworks */,
				69527B5D1900FCBD0088CACE /* UIKit.framework in Frameworks */,
				69527B5C1900FCBD0088CACE /* Foundation.framework in Frameworks */,
			);
			runOnlyForDeploymentPostprocessing = 0;
		};
/* End PBXFrameworksBuildPhase section */

/* Begin PBXGroup section */
		69527B351900FCBD0088CACE = {
			isa = PBXGroup;
			children = (
				69527B471900FCBD0088CACE /* iBeaconDemo */,
				69527B601900FCBD0088CACE /* iBeaconDemoTests */,
				69527B401900FCBD0088CACE /* Frameworks */,
				69527B3F1900FCBD0088CACE /* Products */,
				318F64A0E77C4D9CB6A44062 /* Pods-iBeaconDemo.xcconfig */,
			);
			sourceTree = "<group>";
		};
		69527B3F1900FCBD0088CACE /* Products */ = {
			isa = PBXGroup;
			children = (
				69527B3E1900FCBD0088CACE /* iBeaconDemo.app */,
				69527B591900FCBD0088CACE /* iBeaconDemoTests.xctest */,
			);
			name = Products;
			sourceTree = "<group>";
		};
		69527B401900FCBD0088CACE /* Frameworks */ = {
			isa = PBXGroup;
			children = (
				69527B7C19010CD70088CACE /* AVFoundation.framework */,
				69527B411900FCBD0088CACE /* Foundation.framework */,
				69527B431900FCBD0088CACE /* CoreGraphics.framework */,
				69527B451900FCBD0088CACE /* UIKit.framework */,
				69527B5A1900FCBD0088CACE /* XCTest.framework */,
				7A6078577B2049358F51E5AD /* libPods-iBeaconDemo.a */,
			);
			name = Frameworks;
			sourceTree = "<group>";
		};
		69527B471900FCBD0088CACE /* iBeaconDemo */ = {
			isa = PBXGroup;
			children = (
				69527B501900FCBD0088CACE /* MMAppDelegate.h */,
				69527B511900FCBD0088CACE /* MMAppDelegate.m */,
				69527B70190104260088CACE /* MMViewController.h */,
				69527B71190104260088CACE /* MMViewController.m */,
				69527B72190104260088CACE /* MMViewController.xib */,
				69D75DF019048B0E00D1AF53 /* Utility.h */,
				69D75DF119048B0E00D1AF53 /* Utility.m */,
				69D75DF31904AA3200D1AF53 /* bgcircle.png */,
				69527B751901082D0088CACE /* MMBeaconManager */,
				69527B531900FCBD0088CACE /* Images.xcassets */,
				69527B481900FCBD0088CACE /* Supporting Files */,
				692E4748193D3FFD0004325D /* iBeaconDemo-Bridging-Header.h */,
			);
			path = iBeaconDemo;
			sourceTree = "<group>";
		};
		69527B481900FCBD0088CACE /* Supporting Files */ = {
			isa = PBXGroup;
			children = (
				69527B491900FCBD0088CACE /* iBeaconDemo-Info.plist */,
				69527B4A1900FCBD0088CACE /* InfoPlist.strings */,
				69527B4D1900FCBD0088CACE /* main.m */,
				69527B4F1900FCBD0088CACE /* iBeaconDemo-Prefix.pch */,
			);
			name = "Supporting Files";
			sourceTree = "<group>";
		};
		69527B601900FCBD0088CACE /* iBeaconDemoTests */ = {
			isa = PBXGroup;
			children = (
				69527B661900FCBD0088CACE /* iBeaconDemoTests.m */,
				69527B611900FCBD0088CACE /* Supporting Files */,
			);
			path = iBeaconDemoTests;
			sourceTree = "<group>";
		};
		69527B611900FCBD0088CACE /* Supporting Files */ = {
			isa = PBXGroup;
			children = (
				69527B621900FCBD0088CACE /* iBeaconDemoTests-Info.plist */,
				69527B631900FCBD0088CACE /* InfoPlist.strings */,
			);
			name = "Supporting Files";
			sourceTree = "<group>";
		};
		69527B751901082D0088CACE /* MMBeaconManager */ = {
			isa = PBXGroup;
			children = (
				69527B761901082D0088CACE /* MMBeaconManager.h */,
				69527B771901082D0088CACE /* MMBeaconManager.m */,
				69527B781901082D0088CACE /* MMBeaconRegion.h */,
				69527B791901082D0088CACE /* MMBeaconRegion.m */,
			);
			name = MMBeaconManager;
			path = ../../MMBeaconManager;
			sourceTree = "<group>";
		};
/* End PBXGroup section */

/* Begin PBXNativeTarget section */
		69527B3D1900FCBD0088CACE /* iBeaconDemo */ = {
			isa = PBXNativeTarget;
			buildConfigurationList = 69527B6A1900FCBD0088CACE /* Build configuration list for PBXNativeTarget "iBeaconDemo" */;
			buildPhases = (
				A3CA3A2CC8484524A3435A38 /* Check Pods Manifest.lock */,
				69527B3A1900FCBD0088CACE /* Sources */,
				69527B3B1900FCBD0088CACE /* Frameworks */,
				69527B3C1900FCBD0088CACE /* Resources */,
				5520EC88F2464652A5CAA89A /* Copy Pods Resources */,
			);
			buildRules = (
			);
			dependencies = (
			);
			name = iBeaconDemo;
			productName = iBeaconDemo;
			productReference = 69527B3E1900FCBD0088CACE /* iBeaconDemo.app */;
			productType = "com.apple.product-type.application";
		};
		69527B581900FCBD0088CACE /* iBeaconDemoTests */ = {
			isa = PBXNativeTarget;
			buildConfigurationList = 69527B6D1900FCBD0088CACE /* Build configuration list for PBXNativeTarget "iBeaconDemoTests" */;
			buildPhases = (
				69527B551900FCBD0088CACE /* Sources */,
				69527B561900FCBD0088CACE /* Frameworks */,
				69527B571900FCBD0088CACE /* Resources */,
			);
			buildRules = (
			);
			dependencies = (
				69527B5F1900FCBD0088CACE /* PBXTargetDependency */,
			);
			name = iBeaconDemoTests;
			productName = iBeaconDemoTests;
			productReference = 69527B591900FCBD0088CACE /* iBeaconDemoTests.xctest */;
			productType = "com.apple.product-type.bundle.unit-test";
		};
/* End PBXNativeTarget section */

/* Begin PBXProject section */
		69527B361900FCBD0088CACE /* Project object */ = {
			isa = PBXProject;
			attributes = {
				CLASSPREFIX = MM;
				LastUpgradeCheck = 0710;
				ORGANIZATIONNAME = "水野 真史";
				TargetAttributes = {
					69527B3D1900FCBD0088CACE = {
						SystemCapabilities = {
							com.apple.BackgroundModes = {
								enabled = 1;
							};
						};
					};
					69527B581900FCBD0088CACE = {
						TestTargetID = 69527B3D1900FCBD0088CACE;
					};
				};
			};
			buildConfigurationList = 69527B391900FCBD0088CACE /* Build configuration list for PBXProject "iBeaconDemo" */;
			compatibilityVersion = "Xcode 3.2";
			developmentRegion = English;
			hasScannedForEncodings = 0;
			knownRegions = (
				en,
			);
			mainGroup = 69527B351900FCBD0088CACE;
			productRefGroup = 69527B3F1900FCBD0088CACE /* Products */;
			projectDirPath = "";
			projectRoot = "";
			targets = (
				69527B3D1900FCBD0088CACE /* iBeaconDemo */,
				69527B581900FCBD0088CACE /* iBeaconDemoTests */,
			);
		};
/* End PBXProject section */

/* Begin PBXResourcesBuildPhase section */
		69527B3C1900FCBD0088CACE /* Resources */ = {
			isa = PBXResourcesBuildPhase;
			buildActionMask = 2147483647;
			files = (
				69527B74190104260088CACE /* MMViewController.xib in Resources */,
				69527B4C1900FCBD0088CACE /* InfoPlist.strings in Resources */,
				69D75DF41904AA3200D1AF53 /* bgcircle.png in Resources */,
				69527B541900FCBD0088CACE /* Images.xcassets in Resources */,
			);
			runOnlyForDeploymentPostprocessing = 0;
		};
		69527B571900FCBD0088CACE /* Resources */ = {
			isa = PBXResourcesBuildPhase;
			buildActionMask = 2147483647;
			files = (
				69527B651900FCBD0088CACE /* InfoPlist.strings in Resources */,
			);
			runOnlyForDeploymentPostprocessing = 0;
		};
/* End PBXResourcesBuildPhase section */

/* Begin PBXShellScriptBuildPhase section */
		5520EC88F2464652A5CAA89A /* Copy Pods Resources */ = {
			isa = PBXShellScriptBuildPhase;
			buildActionMask = 2147483647;
			files = (
			);
			inputPaths = (
			);
			name = "Copy Pods Resources";
			outputPaths = (
			);
			runOnlyForDeploymentPostprocessing = 0;
			shellPath = /bin/sh;
			shellScript = "\"${SRCROOT}/Pods/Pods-iBeaconDemo-resources.sh\"\n";
			showEnvVarsInLog = 0;
		};
		A3CA3A2CC8484524A3435A38 /* Check Pods Manifest.lock */ = {
			isa = PBXShellScriptBuildPhase;
			buildActionMask = 2147483647;
			files = (
			);
			inputPaths = (
			);
			name = "Check Pods Manifest.lock";
			outputPaths = (
			);
			runOnlyForDeploymentPostprocessing = 0;
			shellPath = /bin/sh;
			shellScript = "diff \"${PODS_ROOT}/../Podfile.lock\" \"${PODS_ROOT}/Manifest.lock\" > /dev/null\nif [[ $? != 0 ]] ; then\n    cat << EOM\nerror: The sandbox is not in sync with the Podfile.lock. Run 'pod install' or update your CocoaPods installation.\nEOM\n    exit 1\nfi\n";
			showEnvVarsInLog = 0;
		};
/* End PBXShellScriptBuildPhase section */

/* Begin PBXSourcesBuildPhase section */
		69527B3A1900FCBD0088CACE /* Sources */ = {
			isa = PBXSourcesBuildPhase;
			buildActionMask = 2147483647;
			files = (
				69527B521900FCBD0088CACE /* MMAppDelegate.m in Sources */,
				69527B7A1901082D0088CACE /* MMBeaconManager.m in Sources */,
				69527B73190104260088CACE /* MMViewController.m in Sources */,
				69527B4E1900FCBD0088CACE /* main.m in Sources */,
				69D75DF219048B0E00D1AF53 /* Utility.m in Sources */,
				69527B7B1901082D0088CACE /* MMBeaconRegion.m in Sources */,
			);
			runOnlyForDeploymentPostprocessing = 0;
		};
		69527B551900FCBD0088CACE /* Sources */ = {
			isa = PBXSourcesBuildPhase;
			buildActionMask = 2147483647;
			files = (
				69527B671900FCBD0088CACE /* iBeaconDemoTests.m in Sources */,
			);
			runOnlyForDeploymentPostprocessing = 0;
		};
/* End PBXSourcesBuildPhase section */

/* Begin PBXTargetDependency section */
		69527B5F1900FCBD0088CACE /* PBXTargetDependency */ = {
			isa = PBXTargetDependency;
			target = 69527B3D1900FCBD0088CACE /* iBeaconDemo */;
			targetProxy = 69527B5E1900FCBD0088CACE /* PBXContainerItemProxy */;
		};
/* End PBXTargetDependency section */

/* Begin PBXVariantGroup section */
		69527B4A1900FCBD0088CACE /* InfoPlist.strings */ = {
			isa = PBXVariantGroup;
			children = (
				69527B4B1900FCBD0088CACE /* en */,
			);
			name = InfoPlist.strings;
			sourceTree = "<group>";
		};
		69527B631900FCBD0088CACE /* InfoPlist.strings */ = {
			isa = PBXVariantGroup;
			children = (
				69527B641900FCBD0088CACE /* en */,
			);
			name = InfoPlist.strings;
			sourceTree = "<group>";
		};
/* End PBXVariantGroup section */

/* Begin XCBuildConfiguration section */
		69527B681900FCBD0088CACE /* Debug */ = {
			isa = XCBuildConfiguration;
			buildSettings = {
				ALWAYS_SEARCH_USER_PATHS = NO;
				CLANG_CXX_LANGUAGE_STANDARD = "gnu++0x";
				CLANG_CXX_LIBRARY = "libc++";
				CLANG_ENABLE_MODULES = YES;
				CLANG_ENABLE_OBJC_ARC = YES;
				CLANG_WARN_BOOL_CONVERSION = YES;
				CLANG_WARN_CONSTANT_CONVERSION = YES;
				CLANG_WARN_DIRECT_OBJC_ISA_USAGE = YES_ERROR;
				CLANG_WARN_EMPTY_BODY = YES;
				CLANG_WARN_ENUM_CONVERSION = YES;
				CLANG_WARN_INT_CONVERSION = YES;
				CLANG_WARN_OBJC_ROOT_CLASS = YES_ERROR;
				CLANG_WARN__DUPLICATE_METHOD_MATCH = YES;
				"CODE_SIGN_IDENTITY[sdk=iphoneos*]" = "iPhone Developer";
				COPY_PHASE_STRIP = NO;
				ENABLE_TESTABILITY = YES;
				GCC_C_LANGUAGE_STANDARD = gnu99;
				GCC_DYNAMIC_NO_PIC = NO;
				GCC_OPTIMIZATION_LEVEL = 0;
				GCC_PREPROCESSOR_DEFINITIONS = (
					"DEBUG=1",
					"$(inherited)",
				);
				GCC_SYMBOLS_PRIVATE_EXTERN = NO;
				GCC_WARN_64_TO_32_BIT_CONVERSION = YES;
				GCC_WARN_ABOUT_RETURN_TYPE = YES_ERROR;
				GCC_WARN_UNDECLARED_SELECTOR = YES;
				GCC_WARN_UNINITIALIZED_AUTOS = YES_AGGRESSIVE;
				GCC_WARN_UNUSED_FUNCTION = YES;
				GCC_WARN_UNUSED_VARIABLE = YES;
				IPHONEOS_DEPLOYMENT_TARGET = 7.1;
				ONLY_ACTIVE_ARCH = YES;
				SDKROOT = iphoneos;
			};
			name = Debug;
		};
		69527B691900FCBD0088CACE /* Release */ = {
			isa = XCBuildConfiguration;
			buildSettings = {
				ALWAYS_SEARCH_USER_PATHS = NO;
				CLANG_CXX_LANGUAGE_STANDARD = "gnu++0x";
				CLANG_CXX_LIBRARY = "libc++";
				CLANG_ENABLE_MODULES = YES;
				CLANG_ENABLE_OBJC_ARC = YES;
				CLANG_WARN_BOOL_CONVERSION = YES;
				CLANG_WARN_CONSTANT_CONVERSION = YES;
				CLANG_WARN_DIRECT_OBJC_ISA_USAGE = YES_ERROR;
				CLANG_WARN_EMPTY_BODY = YES;
				CLANG_WARN_ENUM_CONVERSION = YES;
				CLANG_WARN_INT_CONVERSION = YES;
				CLANG_WARN_OBJC_ROOT_CLASS = YES_ERROR;
				CLANG_WARN__DUPLICATE_METHOD_MATCH = YES;
				CODE_SIGN_IDENTITY = "iPhone Distribution: Yuuichiro Suetake (D8RY5L5FWA)";
				"CODE_SIGN_IDENTITY[sdk=iphoneos*]" = "iPhone Distribution: Yuuichiro Suetake (D8RY5L5FWA)";
				COPY_PHASE_STRIP = YES;
				ENABLE_NS_ASSERTIONS = NO;
				GCC_C_LANGUAGE_STANDARD = gnu99;
				GCC_WARN_64_TO_32_BIT_CONVERSION = YES;
				GCC_WARN_ABOUT_RETURN_TYPE = YES_ERROR;
				GCC_WARN_UNDECLARED_SELECTOR = YES;
				GCC_WARN_UNINITIALIZED_AUTOS = YES_AGGRESSIVE;
				GCC_WARN_UNUSED_FUNCTION = YES;
				GCC_WARN_UNUSED_VARIABLE = YES;
				IPHONEOS_DEPLOYMENT_TARGET = 7.1;
				PROVISIONING_PROFILE = "E2A50C56-0679-47A4-9621-FB5E84CE53CA";
				SDKROOT = iphoneos;
				VALIDATE_PRODUCT = YES;
			};
			name = Release;
		};
		69527B6B1900FCBD0088CACE /* Debug */ = {
			isa = XCBuildConfiguration;
			baseConfigurationReference = 318F64A0E77C4D9CB6A44062 /* Pods-iBeaconDemo.xcconfig */;
			buildSettings = {
				ASSETCATALOG_COMPILER_APPICON_NAME = AppIcon;
				ASSETCATALOG_COMPILER_LAUNCHIMAGE_NAME = LaunchImage;
				CLANG_ENABLE_MODULES = YES;
				GCC_PRECOMPILE_PREFIX_HEADER = YES;
				GCC_PREFIX_HEADER = "iBeaconDemo/iBeaconDemo-Prefix.pch";
				INFOPLIST_FILE = "iBeaconDemo/iBeaconDemo-Info.plist";
				IPHONEOS_DEPLOYMENT_TARGET = 7.0;
				LD_RUNPATH_SEARCH_PATHS = "$(inherited) @executable_path/Frameworks";
				PRODUCT_BUNDLE_IDENTIFIER = "com.eilsystem.${PRODUCT_NAME:rfc1034identifier}";
				PRODUCT_NAME = "$(TARGET_NAME)";
				SWIFT_OBJC_BRIDGING_HEADER = "iBeaconDemo/iBeaconDemo-Bridging-Header.h";
				SWIFT_OPTIMIZATION_LEVEL = "-Onone";
				WRAPPER_EXTENSION = app;
			};
			name = Debug;
		};
		69527B6C1900FCBD0088CACE /* Release */ = {
			isa = XCBuildConfiguration;
			baseConfigurationReference = 318F64A0E77C4D9CB6A44062 /* Pods-iBeaconDemo.xcconfig */;
			buildSettings = {
				ASSETCATALOG_COMPILER_APPICON_NAME = AppIcon;
				ASSETCATALOG_COMPILER_LAUNCHIMAGE_NAME = LaunchImage;
				CLANG_ENABLE_MODULES = YES;
				CODE_SIGN_IDENTITY = "iPhone Distribution: Yuuichiro Suetake (D8RY5L5FWA)";
				GCC_PRECOMPILE_PREFIX_HEADER = YES;
				GCC_PREFIX_HEADER = "iBeaconDemo/iBeaconDemo-Prefix.pch";
				INFOPLIST_FILE = "iBeaconDemo/iBeaconDemo-Info.plist";
				IPHONEOS_DEPLOYMENT_TARGET = 7.0;
				LD_RUNPATH_SEARCH_PATHS = "$(inherited) @executable_path/Frameworks";
				PRODUCT_BUNDLE_IDENTIFIER = "com.eilsystem.${PRODUCT_NAME:rfc1034identifier}";
				PRODUCT_NAME = "$(TARGET_NAME)";
				PROVISIONING_PROFILE = "E2A50C56-0679-47A4-9621-FB5E84CE53CA";
				SWIFT_OBJC_BRIDGING_HEADER = "iBeaconDemo/iBeaconDemo-Bridging-Header.h";
				WRAPPER_EXTENSION = app;
			};
			name = Release;
		};
		69527B6E1900FCBD0088CACE /* Debug */ = {
			isa = XCBuildConfiguration;
			buildSettings = {
				BUNDLE_LOADER = "$(BUILT_PRODUCTS_DIR)/iBeaconDemo.app/iBeaconDemo";
				FRAMEWORK_SEARCH_PATHS = (
					"$(SDKROOT)/Developer/Library/Frameworks",
					"$(inherited)",
					"$(DEVELOPER_FRAMEWORKS_DIR)",
				);
				GCC_PRECOMPILE_PREFIX_HEADER = YES;
				GCC_PREFIX_HEADER = "iBeaconDemo/iBeaconDemo-Prefix.pch";
				GCC_PREPROCESSOR_DEFINITIONS = (
					"DEBUG=1",
					"$(inherited)",
				);
				INFOPLIST_FILE = "iBeaconDemoTests/iBeaconDemoTests-Info.plist";
				PRODUCT_BUNDLE_IDENTIFIER = "com.masajene.${PRODUCT_NAME:rfc1034identifier}";
				PRODUCT_NAME = "$(TARGET_NAME)";
				TEST_HOST = "$(BUNDLE_LOADER)";
				WRAPPER_EXTENSION = xctest;
			};
			name = Debug;
		};
		69527B6F1900FCBD0088CACE /* Release */ = {
			isa = XCBuildConfiguration;
			buildSettings = {
				BUNDLE_LOADER = "$(BUILT_PRODUCTS_DIR)/iBeaconDemo.app/iBeaconDemo";
				FRAMEWORK_SEARCH_PATHS = (
					"$(SDKROOT)/Developer/Library/Frameworks",
					"$(inherited)",
					"$(DEVELOPER_FRAMEWORKS_DIR)",
				);
				GCC_PRECOMPILE_PREFIX_HEADER = YES;
				GCC_PREFIX_HEADER = "iBeaconDemo/iBeaconDemo-Prefix.pch";
				INFOPLIST_FILE = "iBeaconDemoTests/iBeaconDemoTests-Info.plist";
				PRODUCT_BUNDLE_IDENTIFIER = "com.masajene.${PRODUCT_NAME:rfc1034identifier}";
				PRODUCT_NAME = "$(TARGET_NAME)";
				TEST_HOST = "$(BUNDLE_LOADER)";
				WRAPPER_EXTENSION = xctest;
			};
			name = Release;
		};
/* End XCBuildConfiguration section */

/* Begin XCConfigurationList section */
		69527B391900FCBD0088CACE /* Build configuration list for PBXProject "iBeaconDemo" */ = {
			isa = XCConfigurationList;
			buildConfigurations = (
				69527B681900FCBD0088CACE /* Debug */,
				69527B691900FCBD0088CACE /* Release */,
			);
			defaultConfigurationIsVisible = 0;
			defaultConfigurationName = Release;
		};
		69527B6A1900FCBD0088CACE /* Build configuration list for PBXNativeTarget "iBeaconDemo" */ = {
			isa = XCConfigurationList;
			buildConfigurations = (
				69527B6B1900FCBD0088CACE /* Debug */,
				69527B6C1900FCBD0088CACE /* Release */,
			);
			defaultConfigurationIsVisible = 0;
			defaultConfigurationName = Release;
		};
		69527B6D1900FCBD0088CACE /* Build configuration list for PBXNativeTarget "iBeaconDemoTests" */ = {
			isa = XCConfigurationList;
			buildConfigurations = (
				69527B6E1900FCBD0088CACE /* Debug */,
				69527B6F1900FCBD0088CACE /* Release */,
			);
			defaultConfigurationIsVisible = 0;
			defaultConfigurationName = Release;
		};
/* End XCConfigurationList section */
	};
	rootObject = 69527B361900FCBD0088CACE /* Project object */;
}
